
Microsoft Visual Studio Solution File, Format Version 12.00
# Visual Studio 15
VisualStudioVersion = 15.0.26730.8
MinimumVisualStudioVersion = 10.0.40219.1
Project("{FAE04EC0-301F-11D3-BF4B-00C04F79EFBC}") = "epam_1_2", "epam_1_2\epam_1_2.csproj", "{B7473918-F3E9-408A-B6CE-1499D5DD6902}"
EndProject
Global
	GlobalSection(SolutionConfigurationPlatforms) = preSolution
		Debug|Any CPU = Debug|Any CPU
		Release|Any CPU = Release|Any CPU
	EndGlobalSection
	GlobalSection(ProjectConfigurationPlatforms) = postSolution
		{B7473918-F3E9-408A-B6CE-1499D5DD6902}.Debug|Any CPU.ActiveCfg = Debug|Any CPU
		{B7473918-F3E9-408A-B6CE-1499D5DD6902}.Debug|Any CPU.Build.0 = Debug|Any CPU
		{B7473918-F3E9-408A-B6CE-1499D5DD6902}.Release|Any CPU.ActiveCfg = Release|Any CPU
		{B7473918-F3E9-408A-B6CE-1499D5DD6902}.Release|Any CPU.Build.0 = Release|Any CPU
	EndGlobalSection
	GlobalSection(SolutionProperties) = preSolution
		HideSolutionNode = FALSE
	EndGlobalSection
	GlobalSection(ExtensibilityGlobals) = postSolution
		SolutionGuid = {39CBBE3F-2110-4759-A6B6-A55A4026EC46}
	EndGlobalSection
EndGlobal
